
Microsoft Visual Studio Solution File, Format Version 12.00
# Visual Studio Version 17
VisualStudioVersion = 17.6.33829.357
MinimumVisualStudioVersion = 10.0.40219.1
Project("{FAE04EC0-301F-11D3-BF4B-00C04F79EFBC}") = "API_with_react", "API_with_react\API_with_react.csproj", "{8842985F-C318-4BB9-811B-944F0131204F}"
EndProject
Global
	GlobalSection(SolutionConfigurationPlatforms) = preSolution
		Debug|Any CPU = Debug|Any CPU
		Release|Any CPU = Release|Any CPU
	EndGlobalSection
	GlobalSection(ProjectConfigurationPlatforms) = postSolution
		{8842985F-C318-4BB9-811B-944F0131204F}.Debug|Any CPU.ActiveCfg = Debug|Any CPU
		{8842985F-C318-4BB9-811B-944F0131204F}.Debug|Any CPU.Build.0 = Debug|Any CPU
		{8842985F-C318-4BB9-811B-944F0131204F}.Release|Any CPU.ActiveCfg = Release|Any CPU
		{8842985F-C318-4BB9-811B-944F0131204F}.Release|Any CPU.Build.0 = Release|Any CPU
	EndGlobalSection
	GlobalSection(SolutionProperties) = preSolution
		HideSolutionNode = FALSE
	EndGlobalSection
	GlobalSection(ExtensibilityGlobals) = postSolution
		SolutionGuid = {2E26B467-3E57-4D5A-BE77-ACB5AEC62248}
	EndGlobalSection
EndGlobal
